
Microsoft Visual Studio Solution File, Format Version 12.00
# Visual Studio Version 17
VisualStudioVersion = 17.9.34607.119
MinimumVisualStudioVersion = 10.0.40219.1
Project("{8BC9CEB8-8B4A-11D0-8D11-00A0C91BC942}") = "genConfig", "genConfig\genConfig.vcxproj", "{82E89D13-BDCE-49C5-819C-1FA94D3F193B}"
EndProject
Global
	GlobalSection(SolutionConfigurationPlatforms) = preSolution
		Debug|ARM = Debug|ARM
		Debug|ARM64 = Debug|ARM64
		Debug|x64 = Debug|x64
		Debug|x86 = Debug|x86
		Release|ARM = Release|ARM
		Release|ARM64 = Release|ARM64
		Release|x64 = Release|x64
		Release|x86 = Release|x86
	EndGlobalSection
	GlobalSection(ProjectConfigurationPlatforms) = postSolution
		{82E89D13-BDCE-49C5-819C-1FA94D3F193B}.Debug|ARM.ActiveCfg = Debug|ARM
		{82E89D13-BDCE-49C5-819C-1FA94D3F193B}.Debug|ARM.Build.0 = Debug|ARM
		{82E89D13-BDCE-49C5-819C-1FA94D3F193B}.Debug|ARM.Deploy.0 = Debug|ARM
		{82E89D13-BDCE-49C5-819C-1FA94D3F193B}.Debug|ARM64.ActiveCfg = Debug|ARM64
		{82E89D13-BDCE-49C5-819C-1FA94D3F193B}.Debug|ARM64.Build.0 = Debug|ARM64
		{82E89D13-BDCE-49C5-819C-1FA94D3F193B}.Debug|ARM64.Deploy.0 = Debug|ARM64
		{82E89D13-BDCE-49C5-819C-1FA94D3F193B}.Debug|x64.ActiveCfg = Debug|x64
		{82E89D13-BDCE-49C5-819C-1FA94D3F193B}.Debug|x64.Build.0 = Debug|x64
		{82E89D13-BDCE-49C5-819C-1FA94D3F193B}.Debug|x64.Deploy.0 = Debug|x64
		{82E89D13-BDCE-49C5-819C-1FA94D3F193B}.Debug|x86.ActiveCfg = Debug|x86
		{82E89D13-BDCE-49C5-819C-1FA94D3F193B}.Debug|x86.Build.0 = Debug|x86
		{82E89D13-BDCE-49C5-819C-1FA94D3F193B}.Debug|x86.Deploy.0 = Debug|x86
		{82E89D13-BDCE-49C5-819C-1FA94D3F193B}.Release|ARM.ActiveCfg = Release|ARM
		{82E89D13-BDCE-49C5-819C-1FA94D3F193B}.Release|ARM.Build.0 = Release|ARM
		{82E89D13-BDCE-49C5-819C-1FA94D3F193B}.Release|ARM.Deploy.0 = Release|ARM
		{82E89D13-BDCE-49C5-819C-1FA94D3F193B}.Release|ARM64.ActiveCfg = Release|ARM64
		{82E89D13-BDCE-49C5-819C-1FA94D3F193B}.Release|ARM64.Build.0 = Release|ARM64
		{82E89D13-BDCE-49C5-819C-1FA94D3F193B}.Release|ARM64.Deploy.0 = Release|ARM64
		{82E89D13-BDCE-49C5-819C-1FA94D3F193B}.Release|x64.ActiveCfg = Release|x64
		{82E89D13-BDCE-49C5-819C-1FA94D3F193B}.Release|x64.Build.0 = Release|x64
		{82E89D13-BDCE-49C5-819C-1FA94D3F193B}.Release|x64.Deploy.0 = Release|x64
		{82E89D13-BDCE-49C5-819C-1FA94D3F193B}.Release|x86.ActiveCfg = Release|x86
		{82E89D13-BDCE-49C5-819C-1FA94D3F193B}.Release|x86.Build.0 = Release|x86
		{82E89D13-BDCE-49C5-819C-1FA94D3F193B}.Release|x86.Deploy.0 = Release|x86
	EndGlobalSection
	GlobalSection(SolutionProperties) = preSolution
		HideSolutionNode = FALSE
	EndGlobalSection
	GlobalSection(ExtensibilityGlobals) = postSolution
		SolutionGuid = {D3E24EEB-F509-45F6-9333-72F58A101FCB}
	EndGlobalSection
EndGlobal
